// !$*UTF8*$!
{
	archiveVersion = 1;
	classes = {
	};
	objectVersion = 50;
	objects = {

/* Begin PBXBuildFile section */
		18023E2C2443239E0049A0B7 /* StudentListViewController.swift in Sources */ = {isa = PBXBuildFile; fileRef = 18023E2B2443239E0049A0B7 /* StudentListViewController.swift */; };
		18023E2E244323B00049A0B7 /* StudentFormViewController.swift in Sources */ = {isa = PBXBuildFile; fileRef = 18023E2D244323B00049A0B7 /* StudentFormViewController.swift */; };
		18CA5A4924408A110096EFF3 /* AppDelegate.swift in Sources */ = {isa = PBXBuildFile; fileRef = 18CA5A4824408A110096EFF3 /* AppDelegate.swift */; };
		18CA5A4B24408A110096EFF3 /* SceneDelegate.swift in Sources */ = {isa = PBXBuildFile; fileRef = 18CA5A4A24408A110096EFF3 /* SceneDelegate.swift */; };
		18CA5A4D24408A110096EFF3 /* CollegeListViewController.swift in Sources */ = {isa = PBXBuildFile; fileRef = 18CA5A4C24408A110096EFF3 /* CollegeListViewController.swift */; };
		18CA5A5024408A110096EFF3 /* Main.storyboard in Resources */ = {isa = PBXBuildFile; fileRef = 18CA5A4E24408A110096EFF3 /* Main.storyboard */; };
		18CA5A5324408A110096EFF3 /* CollegeManagement.xcdatamodeld in Sources */ = {isa = PBXBuildFile; fileRef = 18CA5A5124408A110096EFF3 /* CollegeManagement.xcdatamodeld */; };
		18CA5A5524408A120096EFF3 /* Assets.xcassets in Resources */ = {isa = PBXBuildFile; fileRef = 18CA5A5424408A120096EFF3 /* Assets.xcassets */; };
		18CA5A5824408A120096EFF3 /* LaunchScreen.storyboard in Resources */ = {isa = PBXBuildFile; fileRef = 18CA5A5624408A120096EFF3 /* LaunchScreen.storyboard */; };
		18CA5A6324408A130096EFF3 /* CollegeManagementTests.swift in Sources */ = {isa = PBXBuildFile; fileRef = 18CA5A6224408A130096EFF3 /* CollegeManagementTests.swift */; };
		18CA5A6E24408A130096EFF3 /* CollegeManagementUITests.swift in Sources */ = {isa = PBXBuildFile; fileRef = 18CA5A6D24408A130096EFF3 /* CollegeManagementUITests.swift */; };
		18CA5A7C24408C390096EFF3 /* CollegeFormViewController.swift in Sources */ = {isa = PBXBuildFile; fileRef = 18CA5A7B24408C390096EFF3 /* CollegeFormViewController.swift */; };
		18CA5A81244095AA0096EFF3 /* DataBaseHelper.swift in Sources */ = {isa = PBXBuildFile; fileRef = 18CA5A80244095AA0096EFF3 /* DataBaseHelper.swift */; };
		18CA5A852440A7B70096EFF3 /* CollegeTableViewCell.swift in Sources */ = {isa = PBXBuildFile; fileRef = 18CA5A832440A7B70096EFF3 /* CollegeTableViewCell.swift */; };
		18CA5A862440A7B70096EFF3 /* CollegeTableViewCell.xib in Resources */ = {isa = PBXBuildFile; fileRef = 18CA5A842440A7B70096EFF3 /* CollegeTableViewCell.xib */; };
		18CA5A8A2440DA690096EFF3 /* CollegeTableViewController.swift in Sources */ = {isa = PBXBuildFile; fileRef = 18CA5A892440DA690096EFF3 /* CollegeTableViewController.swift */; };
/* End PBXBuildFile section */

/* Begin PBXContainerItemProxy section */
		18CA5A5F24408A130096EFF3 /* PBXContainerItemProxy */ = {
			isa = PBXContainerItemProxy;
			containerPortal = 18CA5A3D24408A110096EFF3 /* Project object */;
			proxyType = 1;
			remoteGlobalIDString = 18CA5A4424408A110096EFF3;
			remoteInfo = CollegeManagement;
		};
		18CA5A6A24408A130096EFF3 /* PBXContainerItemProxy */ = {
			isa = PBXContainerItemProxy;
			containerPortal = 18CA5A3D24408A110096EFF3 /* Project object */;
			proxyType = 1;
			remoteGlobalIDString = 18CA5A4424408A110096EFF3;
			remoteInfo = CollegeManagement;
		};
/* End PBXContainerItemProxy section */

/* Begin PBXFileReference section */
		18023E2B2443239E0049A0B7 /* StudentListViewController.swift */ = {isa = PBXFileReference; lastKnownFileType = sourcecode.swift; path = StudentListViewController.swift; sourceTree = "<group>"; };
		18023E2D244323B00049A0B7 /* StudentFormViewController.swift */ = {isa = PBXFileReference; lastKnownFileType = sourcecode.swift; path = StudentFormViewController.swift; sourceTree = "<group>"; };
		18CA5A4524408A110096EFF3 /* CollegeManagement.app */ = {isa = PBXFileReference; explicitFileType = wrapper.application; includeInIndex = 0; path = CollegeManagement.app; sourceTree = BUILT_PRODUCTS_DIR; };
		18CA5A4824408A110096EFF3 /* AppDelegate.swift */ = {isa = PBXFileReference; lastKnownFileType = sourcecode.swift; path = AppDelegate.swift; sourceTree = "<group>"; };
		18CA5A4A24408A110096EFF3 /* SceneDelegate.swift */ = {isa = PBXFileReference; lastKnownFileType = sourcecode.swift; path = SceneDelegate.swift; sourceTree = "<group>"; };
		18CA5A4C24408A110096EFF3 /* CollegeListViewController.swift */ = {isa = PBXFileReference; lastKnownFileType = sourcecode.swift; path = CollegeListViewController.swift; sourceTree = "<group>"; };
		18CA5A4F24408A110096EFF3 /* Base */ = {isa = PBXFileReference; lastKnownFileType = file.storyboard; name = Base; path = Base.lproj/Main.storyboard; sourceTree = "<group>"; };
		18CA5A5224408A110096EFF3 /* CollegeManagement.xcdatamodel */ = {isa = PBXFileReference; lastKnownFileType = wrapper.xcdatamodel; path = CollegeManagement.xcdatamodel; sourceTree = "<group>"; };
		18CA5A5424408A120096EFF3 /* Assets.xcassets */ = {isa = PBXFileReference; lastKnownFileType = folder.assetcatalog; path = Assets.xcassets; sourceTree = "<group>"; };
		18CA5A5724408A120096EFF3 /* Base */ = {isa = PBXFileReference; lastKnownFileType = file.storyboard; name = Base; path = Base.lproj/LaunchScreen.storyboard; sourceTree = "<group>"; };
		18CA5A5924408A120096EFF3 /* Info.plist */ = {isa = PBXFileReference; lastKnownFileType = text.plist.xml; path = Info.plist; sourceTree = "<group>"; };
		18CA5A5E24408A130096EFF3 /* CollegeManagementTests.xctest */ = {isa = PBXFileReference; explicitFileType = wrapper.cfbundle; includeInIndex = 0; path = CollegeManagementTests.xctest; sourceTree = BUILT_PRODUCTS_DIR; };
		18CA5A6224408A130096EFF3 /* CollegeManagementTests.swift */ = {isa = PBXFileReference; lastKnownFileType = sourcecode.swift; path = CollegeManagementTests.swift; sourceTree = "<group>"; };
		18CA5A6424408A130096EFF3 /* Info.plist */ = {isa = PBXFileReference; lastKnownFileType = text.plist.xml; path = Info.plist; sourceTree = "<group>"; };
		18CA5A6924408A130096EFF3 /* CollegeManagementUITests.xctest */ = {isa = PBXFileReference; explicitFileType = wrapper.cfbundle; includeInIndex = 0; path = CollegeManagementUITests.xctest; sourceTree = BUILT_PRODUCTS_DIR; };
		18CA5A6D24408A130096EFF3 /* CollegeManagementUITests.swift */ = {isa = PBXFileReference; lastKnownFileType = sourcecode.swift; path = CollegeManagementUITests.swift; sourceTree = "<group>"; };
		18CA5A6F24408A130096EFF3 /* Info.plist */ = {isa = PBXFileReference; lastKnownFileType = text.plist.xml; path = Info.plist; sourceTree = "<group>"; };
		18CA5A7B24408C390096EFF3 /* CollegeFormViewController.swift */ = {isa = PBXFileReference; lastKnownFileType = sourcecode.swift; path = CollegeFormViewController.swift; sourceTree = "<group>"; };
		18CA5A80244095AA0096EFF3 /* DataBaseHelper.swift */ = {isa = PBXFileReference; lastKnownFileType = sourcecode.swift; path = DataBaseHelper.swift; sourceTree = "<group>"; };
		18CA5A832440A7B70096EFF3 /* CollegeTableViewCell.swift */ = {isa = PBXFileReference; lastKnownFileType = sourcecode.swift; path = CollegeTableViewCell.swift; sourceTree = "<group>"; };
		18CA5A842440A7B70096EFF3 /* CollegeTableViewCell.xib */ = {isa = PBXFileReference; lastKnownFileType = file.xib; path = CollegeTableViewCell.xib; sourceTree = "<group>"; };
		18CA5A892440DA690096EFF3 /* CollegeTableViewController.swift */ = {isa = PBXFileReference; lastKnownFileType = sourcecode.swift; path = CollegeTableViewController.swift; sourceTree = "<group>"; };
/* End PBXFileReference section */

/* Begin PBXFrameworksBuildPhase section */
		18CA5A4224408A110096EFF3 /* Frameworks */ = {
			isa = PBXFrameworksBuildPhase;
			buildActionMask = 2147483647;
			files = (
			);
			runOnlyForDeploymentPostprocessing = 0;
		};
		18CA5A5B24408A130096EFF3 /* Frameworks */ = {
			isa = PBXFrameworksBuildPhase;
			buildActionMask = 2147483647;
			files = (
			);
			runOnlyForDeploymentPostprocessing = 0;
		};
		18CA5A6624408A130096EFF3 /* Frameworks */ = {
			isa = PBXFrameworksBuildPhase;
			buildActionMask = 2147483647;
			files = (
			);
			runOnlyForDeploymentPostprocessing = 0;
		};
/* End PBXFrameworksBuildPhase section */

/* Begin PBXGroup section */
		18023E2A244323830049A0B7 /* Student */ = {
			isa = PBXGroup;
			children = (
				18023E2B2443239E0049A0B7 /* StudentListViewController.swift */,
				18023E2D244323B00049A0B7 /* StudentFormViewController.swift */,
			);
			path = Student;
			sourceTree = "<group>";
		};
		18CA5A3C24408A110096EFF3 = {
			isa = PBXGroup;
			children = (
				18CA5A4724408A110096EFF3 /* CollegeManagement */,
				18CA5A6124408A130096EFF3 /* CollegeManagementTests */,
				18CA5A6C24408A130096EFF3 /* CollegeManagementUITests */,
				18CA5A4624408A110096EFF3 /* Products */,
			);
			sourceTree = "<group>";
		};
		18CA5A4624408A110096EFF3 /* Products */ = {
			isa = PBXGroup;
			children = (
				18CA5A4524408A110096EFF3 /* CollegeManagement.app */,
				18CA5A5E24408A130096EFF3 /* CollegeManagementTests.xctest */,
				18CA5A6924408A130096EFF3 /* CollegeManagementUITests.xctest */,
			);
			name = Products;
			sourceTree = "<group>";
		};
		18CA5A4724408A110096EFF3 /* CollegeManagement */ = {
			isa = PBXGroup;
			children = (
				18CA5A822440A75C0096EFF3 /* XibCell */,
				18CA5A7E2440956C0096EFF3 /* DatabaseHelper */,
				18CA5A7D244095660096EFF3 /* Controller */,
				18CA5A4824408A110096EFF3 /* AppDelegate.swift */,
				18CA5A4A24408A110096EFF3 /* SceneDelegate.swift */,
				18CA5A4E24408A110096EFF3 /* Main.storyboard */,
				18CA5A5424408A120096EFF3 /* Assets.xcassets */,
				18CA5A5624408A120096EFF3 /* LaunchScreen.storyboard */,
				18CA5A5924408A120096EFF3 /* Info.plist */,
				18CA5A5124408A110096EFF3 /* CollegeManagement.xcdatamodeld */,
			);
			path = CollegeManagement;
			sourceTree = "<group>";
		};
		18CA5A6124408A130096EFF3 /* CollegeManagementTests */ = {
			isa = PBXGroup;
			children = (
				18CA5A6224408A130096EFF3 /* CollegeManagementTests.swift */,
				18CA5A6424408A130096EFF3 /* Info.plist */,
			);
			path = CollegeManagementTests;
			sourceTree = "<group>";
		};
		18CA5A6C24408A130096EFF3 /* CollegeManagementUITests */ = {
			isa = PBXGroup;
			children = (
				18CA5A6D24408A130096EFF3 /* CollegeManagementUITests.swift */,
				18CA5A6F24408A130096EFF3 /* Info.plist */,
			);
			path = CollegeManagementUITests;
			sourceTree = "<group>";
		};
		18CA5A7D244095660096EFF3 /* Controller */ = {
			isa = PBXGroup;
			children = (
				18023E2A244323830049A0B7 /* Student */,
				18CA5A7F244095790096EFF3 /* College */,
			);
			path = Controller;
			sourceTree = "<group>";
		};
		18CA5A7E2440956C0096EFF3 /* DatabaseHelper */ = {
			isa = PBXGroup;
			children = (
				18CA5A80244095AA0096EFF3 /* DataBaseHelper.swift */,
			);
			path = DatabaseHelper;
			sourceTree = "<group>";
		};
		18CA5A7F244095790096EFF3 /* College */ = {
			isa = PBXGroup;
			children = (
				18CA5A7B24408C390096EFF3 /* CollegeFormViewController.swift */,
				18CA5A4C24408A110096EFF3 /* CollegeListViewController.swift */,
				18CA5A892440DA690096EFF3 /* CollegeTableViewController.swift */,
			);
			path = College;
			sourceTree = "<group>";
		};
		18CA5A822440A75C0096EFF3 /* XibCell */ = {
			isa = PBXGroup;
			children = (
				18CA5A832440A7B70096EFF3 /* CollegeTableViewCell.swift */,
				18CA5A842440A7B70096EFF3 /* CollegeTableViewCell.xib */,
			);
			path = XibCell;
			sourceTree = "<group>";
		};
/* End PBXGroup section */

/* Begin PBXNativeTarget section */
		18CA5A4424408A110096EFF3 /* CollegeManagement */ = {
			isa = PBXNativeTarget;
			buildConfigurationList = 18CA5A7224408A130096EFF3 /* Build configuration list for PBXNativeTarget "CollegeManagement" */;
			buildPhases = (
				18CA5A4124408A110096EFF3 /* Sources */,
				18CA5A4224408A110096EFF3 /* Frameworks */,
				18CA5A4324408A110096EFF3 /* Resources */,
			);
			buildRules = (
			);
			dependencies = (
			);
			name = CollegeManagement;
			productName = CollegeManagement;
			productReference = 18CA5A4524408A110096EFF3 /* CollegeManagement.app */;
			productType = "com.apple.product-type.application";
		};
		18CA5A5D24408A130096EFF3 /* CollegeManagementTests */ = {
			isa = PBXNativeTarget;
			buildConfigurationList = 18CA5A7524408A130096EFF3 /* Build configuration list for PBXNativeTarget "CollegeManagementTests" */;
			buildPhases = (
				18CA5A5A24408A130096EFF3 /* Sources */,
				18CA5A5B24408A130096EFF3 /* Frameworks */,
				18CA5A5C24408A130096EFF3 /* Resources */,
			);
			buildRules = (
			);
			dependencies = (
				18CA5A6024408A130096EFF3 /* PBXTargetDependency */,
			);
			name = CollegeManagementTests;
			productName = CollegeManagementTests;
			productReference = 18CA5A5E24408A130096EFF3 /* CollegeManagementTests.xctest */;
			productType = "com.apple.product-type.bundle.unit-test";
		};
		18CA5A6824408A130096EFF3 /* CollegeManagementUITests */ = {
			isa = PBXNativeTarget;
			buildConfigurationList = 18CA5A7824408A130096EFF3 /* Build configuration list for PBXNativeTarget "CollegeManagementUITests" */;
			buildPhases = (
				18CA5A6524408A130096EFF3 /* Sources */,
				18CA5A6624408A130096EFF3 /* Frameworks */,
				18CA5A6724408A130096EFF3 /* Resources */,
			);
			buildRules = (
			);
			dependencies = (
				18CA5A6B24408A130096EFF3 /* PBXTargetDependency */,
			);
			name = CollegeManagementUITests;
			productName = CollegeManagementUITests;
			productReference = 18CA5A6924408A130096EFF3 /* CollegeManagementUITests.xctest */;
			productType = "com.apple.product-type.bundle.ui-testing";
		};
/* End PBXNativeTarget section */

/* Begin PBXProject section */
		18CA5A3D24408A110096EFF3 /* Project object */ = {
			isa = PBXProject;
			attributes = {
				LastSwiftUpdateCheck = 1130;
				LastUpgradeCheck = 1130;
				ORGANIZATIONNAME = apple;
				TargetAttributes = {
					18CA5A4424408A110096EFF3 = {
						CreatedOnToolsVersion = 11.3.1;
					};
					18CA5A5D24408A130096EFF3 = {
						CreatedOnToolsVersion = 11.3.1;
						TestTargetID = 18CA5A4424408A110096EFF3;
					};
					18CA5A6824408A130096EFF3 = {
						CreatedOnToolsVersion = 11.3.1;
						TestTargetID = 18CA5A4424408A110096EFF3;
					};
				};
			};
			buildConfigurationList = 18CA5A4024408A110096EFF3 /* Build configuration list for PBXProject "CollegeManagement" */;
			compatibilityVersion = "Xcode 9.3";
			developmentRegion = en;
			hasScannedForEncodings = 0;
			knownRegions = (
				en,
				Base,
			);
			mainGroup = 18CA5A3C24408A110096EFF3;
			productRefGroup = 18CA5A4624408A110096EFF3 /* Products */;
			projectDirPath = "";
			projectRoot = "";
			targets = (
				18CA5A4424408A110096EFF3 /* CollegeManagement */,
				18CA5A5D24408A130096EFF3 /* CollegeManagementTests */,
				18CA5A6824408A130096EFF3 /* CollegeManagementUITests */,
			);
		};
/* End PBXProject section */

/* Begin PBXResourcesBuildPhase section */
		18CA5A4324408A110096EFF3 /* Resources */ = {
			isa = PBXResourcesBuildPhase;
			buildActionMask = 2147483647;
			files = (
				18CA5A5824408A120096EFF3 /* LaunchScreen.storyboard in Resources */,
				18CA5A5524408A120096EFF3 /* Assets.xcassets in Resources */,
				18CA5A5024408A110096EFF3 /* Main.storyboard in Resources */,
				18CA5A862440A7B70096EFF3 /* CollegeTableViewCell.xib in Resources */,
			);
			runOnlyForDeploymentPostprocessing = 0;
		};
		18CA5A5C24408A130096EFF3 /* Resources */ = {
			isa = PBXResourcesBuildPhase;
			buildActionMask = 2147483647;
			files = (
			);
			runOnlyForDeploymentPostprocessing = 0;
		};
		18CA5A6724408A130096EFF3 /* Resources */ = {
			isa = PBXResourcesBuildPhase;
			buildActionMask = 2147483647;
			files = (
			);
			runOnlyForDeploymentPostprocessing = 0;
		};
/* End PBXResourcesBuildPhase section */

/* Begin PBXSourcesBuildPhase section */
		18CA5A4124408A110096EFF3 /* Sources */ = {
			isa = PBXSourcesBuildPhase;
			buildActionMask = 2147483647;
			files = (
				18CA5A4D24408A110096EFF3 /* CollegeListViewController.swift in Sources */,
				18023E2C2443239E0049A0B7 /* StudentListViewController.swift in Sources */,
				18023E2E244323B00049A0B7 /* StudentFormViewController.swift in Sources */,
				18CA5A4924408A110096EFF3 /* AppDelegate.swift in Sources */,
				18CA5A8A2440DA690096EFF3 /* CollegeTableViewController.swift in Sources */,
				18CA5A852440A7B70096EFF3 /* CollegeTableViewCell.swift in Sources */,
				18CA5A5324408A110096EFF3 /* CollegeManagement.xcdatamodeld in Sources */,
				18CA5A4B24408A110096EFF3 /* SceneDelegate.swift in Sources */,
				18CA5A81244095AA0096EFF3 /* DataBaseHelper.swift in Sources */,
				18CA5A7C24408C390096EFF3 /* CollegeFormViewController.swift in Sources */,
			);
			runOnlyForDeploymentPostprocessing = 0;
		};
		18CA5A5A24408A130096EFF3 /* Sources */ = {
			isa = PBXSourcesBuildPhase;
			buildActionMask = 2147483647;
			files = (
				18CA5A6324408A130096EFF3 /* CollegeManagementTests.swift in Sources */,
			);
			runOnlyForDeploymentPostprocessing = 0;
		};
		18CA5A6524408A130096EFF3 /* Sources */ = {
			isa = PBXSourcesBuildPhase;
			buildActionMask = 2147483647;
			files = (
				18CA5A6E24408A130096EFF3 /* CollegeManagementUITests.swift in Sources */,
			);
			runOnlyForDeploymentPostprocessing = 0;
		};
/* End PBXSourcesBuildPhase section */

/* Begin PBXTargetDependency section */
		18CA5A6024408A130096EFF3 /* PBXTargetDependency */ = {
			isa = PBXTargetDependency;
			target = 18CA5A4424408A110096EFF3 /* CollegeManagement */;
			targetProxy = 18CA5A5F24408A130096EFF3 /* PBXContainerItemProxy */;
		};
		18CA5A6B24408A130096EFF3 /* PBXTargetDependency */ = {
			isa = PBXTargetDependency;
			target = 18CA5A4424408A110096EFF3 /* CollegeManagement */;
			targetProxy = 18CA5A6A24408A130096EFF3 /* PBXContainerItemProxy */;
		};
/* End PBXTargetDependency section */

/* Begin PBXVariantGroup section */
		18CA5A4E24408A110096EFF3 /* Main.storyboard */ = {
			isa = PBXVariantGroup;
			children = (
				18CA5A4F24408A110096EFF3 /* Base */,
			);
			name = Main.storyboard;
			sourceTree = "<group>";
		};
		18CA5A5624408A120096EFF3 /* LaunchScreen.storyboard */ = {
			isa = PBXVariantGroup;
			children = (
				18CA5A5724408A120096EFF3 /* Base */,
			);
			name = LaunchScreen.storyboard;
			sourceTree = "<group>";
		};
/* End PBXVariantGroup section */

/* Begin XCBuildConfiguration section */
		18CA5A7024408A130096EFF3 /* Debug */ = {
			isa = XCBuildConfiguration;
			buildSettings = {
				ALWAYS_SEARCH_USER_PATHS = NO;
				CLANG_ANALYZER_NONNULL = YES;
				CLANG_ANALYZER_NUMBER_OBJECT_CONVERSION = YES_AGGRESSIVE;
				CLANG_CXX_LANGUAGE_STANDARD = "gnu++14";
				CLANG_CXX_LIBRARY = "libc++";
				CLANG_ENABLE_MODULES = YES;
				CLANG_ENABLE_OBJC_ARC = YES;
				CLANG_ENABLE_OBJC_WEAK = YES;
				CLANG_WARN_BLOCK_CAPTURE_AUTORELEASING = YES;
				CLANG_WARN_BOOL_CONVERSION = YES;
				CLANG_WARN_COMMA = YES;
				CLANG_WARN_CONSTANT_CONVERSION = YES;
				CLANG_WARN_DEPRECATED_OBJC_IMPLEMENTATIONS = YES;
				CLANG_WARN_DIRECT_OBJC_ISA_USAGE = YES_ERROR;
				CLANG_WARN_DOCUMENTATION_COMMENTS = YES;
				CLANG_WARN_EMPTY_BODY = YES;
				CLANG_WARN_ENUM_CONVERSION = YES;
				CLANG_WARN_INFINITE_RECURSION = YES;
				CLANG_WARN_INT_CONVERSION = YES;
				CLANG_WARN_NON_LITERAL_NULL_CONVERSION = YES;
				CLANG_WARN_OBJC_IMPLICIT_RETAIN_SELF = YES;
				CLANG_WARN_OBJC_LITERAL_CONVERSION = YES;
				CLANG_WARN_OBJC_ROOT_CLASS = YES_ERROR;
				CLANG_WARN_RANGE_LOOP_ANALYSIS = YES;
				CLANG_WARN_STRICT_PROTOTYPES = YES;
				CLANG_WARN_SUSPICIOUS_MOVE = YES;
				CLANG_WARN_UNGUARDED_AVAILABILITY = YES_AGGRESSIVE;
				CLANG_WARN_UNREACHABLE_CODE = YES;
				CLANG_WARN__DUPLICATE_METHOD_MATCH = YES;
				COPY_PHASE_STRIP = NO;
				DEBUG_INFORMATION_FORMAT = dwarf;
				ENABLE_STRICT_OBJC_MSGSEND = YES;
				ENABLE_TESTABILITY = YES;
				GCC_C_LANGUAGE_STANDARD = gnu11;
				GCC_DYNAMIC_NO_PIC = NO;
				GCC_NO_COMMON_BLOCKS = YES;
				GCC_OPTIMIZATION_LEVEL = 0;
				GCC_PREPROCESSOR_DEFINITIONS = (
					"DEBUG=1",
					"$(inherited)",
				);
				GCC_WARN_64_TO_32_BIT_CONVERSION = YES;
				GCC_WARN_ABOUT_RETURN_TYPE = YES_ERROR;
				GCC_WARN_UNDECLARED_SELECTOR = YES;
				GCC_WARN_UNINITIALIZED_AUTOS = YES_AGGRESSIVE;
				GCC_WARN_UNUSED_FUNCTION = YES;
				GCC_WARN_UNUSED_VARIABLE = YES;
				IPHONEOS_DEPLOYMENT_TARGET = 13.2;
				MTL_ENABLE_DEBUG_INFO = INCLUDE_SOURCE;
				MTL_FAST_MATH = YES;
				ONLY_ACTIVE_ARCH = YES;
				SDKROOT = iphoneos;
				SWIFT_ACTIVE_COMPILATION_CONDITIONS = DEBUG;
				SWIFT_OPTIMIZATION_LEVEL = "-Onone";
			};
			name = Debug;
		};
		18CA5A7124408A130096EFF3 /* Release */ = {
			isa = XCBuildConfiguration;
			buildSettings = {
				ALWAYS_SEARCH_USER_PATHS = NO;
				CLANG_ANALYZER_NONNULL = YES;
				CLANG_ANALYZER_NUMBER_OBJECT_CONVERSION = YES_AGGRESSIVE;
				CLANG_CXX_LANGUAGE_STANDARD = "gnu++14";
				CLANG_CXX_LIBRARY = "libc++";
				CLANG_ENABLE_MODULES = YES;
				CLANG_ENABLE_OBJC_ARC = YES;
				CLANG_ENABLE_OBJC_WEAK = YES;
				CLANG_WARN_BLOCK_CAPTURE_AUTORELEASING = YES;
				CLANG_WARN_BOOL_CONVERSION = YES;
				CLANG_WARN_COMMA = YES;
				CLANG_WARN_CONSTANT_CONVERSION = YES;
				CLANG_WARN_DEPRECATED_OBJC_IMPLEMENTATIONS = YES;
				CLANG_WARN_DIRECT_OBJC_ISA_USAGE = YES_ERROR;
				CLANG_WARN_DOCUMENTATION_COMMENTS = YES;
				CLANG_WARN_EMPTY_BODY = YES;
				CLANG_WARN_ENUM_CONVERSION = YES;
				CLANG_WARN_INFINITE_RECURSION = YES;
				CLANG_WARN_INT_CONVERSION = YES;
				CLANG_WARN_NON_LITERAL_NULL_CONVERSION = YES;
				CLANG_WARN_OBJC_IMPLICIT_RETAIN_SELF = YES;
				CLANG_WARN_OBJC_LITERAL_CONVERSION = YES;
				CLANG_WARN_OBJC_ROOT_CLASS = YES_ERROR;
				CLANG_WARN_RANGE_LOOP_ANALYSIS = YES;
				CLANG_WARN_STRICT_PROTOTYPES = YES;
				CLANG_WARN_SUSPICIOUS_MOVE = YES;
				CLANG_WARN_UNGUARDED_AVAILABILITY = YES_AGGRESSIVE;
				CLANG_WARN_UNREACHABLE_CODE = YES;
				CLANG_WARN__DUPLICATE_METHOD_MATCH = YES;
				COPY_PHASE_STRIP = NO;
				DEBUG_INFORMATION_FORMAT = "dwarf-with-dsym";
				ENABLE_NS_ASSERTIONS = NO;
				ENABLE_STRICT_OBJC_MSGSEND = YES;
				GCC_C_LANGUAGE_STANDARD = gnu11;
				GCC_NO_COMMON_BLOCKS = YES;
				GCC_WARN_64_TO_32_BIT_CONVERSION = YES;
				GCC_WARN_ABOUT_RETURN_TYPE = YES_ERROR;
				GCC_WARN_UNDECLARED_SELECTOR = YES;
				GCC_WARN_UNINITIALIZED_AUTOS = YES_AGGRESSIVE;
				GCC_WARN_UNUSED_FUNCTION = YES;
				GCC_WARN_UNUSED_VARIABLE = YES;
				IPHONEOS_DEPLOYMENT_TARGET = 13.2;
				MTL_ENABLE_DEBUG_INFO = NO;
				MTL_FAST_MATH = YES;
				SDKROOT = iphoneos;
				SWIFT_COMPILATION_MODE = wholemodule;
				SWIFT_OPTIMIZATION_LEVEL = "-O";
				VALIDATE_PRODUCT = YES;
			};
			name = Release;
		};
		18CA5A7324408A130096EFF3 /* Debug */ = {
			isa = XCBuildConfiguration;
			buildSettings = {
				ASSETCATALOG_COMPILER_APPICON_NAME = AppIcon;
				CODE_SIGN_STYLE = Automatic;
				INFOPLIST_FILE = CollegeManagement/Info.plist;
				LD_RUNPATH_SEARCH_PATHS = (
					"$(inherited)",
					"@executable_path/Frameworks",
				);
				PRODUCT_BUNDLE_IDENTIFIER = minal.com.CollegeManagement;
				PRODUCT_NAME = "$(TARGET_NAME)";
				SWIFT_VERSION = 5.0;
				TARGETED_DEVICE_FAMILY = "1,2";
			};
			name = Debug;
		};
		18CA5A7424408A130096EFF3 /* Release */ = {
			isa = XCBuildConfiguration;
			buildSettings = {
				ASSETCATALOG_COMPILER_APPICON_NAME = AppIcon;
				CODE_SIGN_STYLE = Automatic;
				INFOPLIST_FILE = CollegeManagement/Info.plist;
				LD_RUNPATH_SEARCH_PATHS = (
					"$(inherited)",
					"@executable_path/Frameworks",
				);
				PRODUCT_BUNDLE_IDENTIFIER = minal.com.CollegeManagement;
				PRODUCT_NAME = "$(TARGET_NAME)";
				SWIFT_VERSION = 5.0;
				TARGETED_DEVICE_FAMILY = "1,2";
			};
			name = Release;
		};
		18CA5A7624408A130096EFF3 /* Debug */ = {
			isa = XCBuildConfiguration;
			buildSettings = {
				ALWAYS_EMBED_SWIFT_STANDARD_LIBRARIES = YES;
				BUNDLE_LOADER = "$(TEST_HOST)";
				CODE_SIGN_STYLE = Automatic;
				INFOPLIST_FILE = CollegeManagementTests/Info.plist;
				IPHONEOS_DEPLOYMENT_TARGET = 13.2;
				LD_RUNPATH_SEARCH_PATHS = (
					"$(inherited)",
					"@executable_path/Frameworks",
					"@loader_path/Frameworks",
				);
				PRODUCT_BUNDLE_IDENTIFIER = minal.com.CollegeManagementTests;
				PRODUCT_NAME = "$(TARGET_NAME)";
				SWIFT_VERSION = 5.0;
				TARGETED_DEVICE_FAMILY = "1,2";
				TEST_HOST = "$(BUILT_PRODUCTS_DIR)/CollegeManagement.app/CollegeManagement";
			};
			name = Debug;
		};
		18CA5A7724408A130096EFF3 /* Release */ = {
			isa = XCBuildConfiguration;
			buildSettings = {
				ALWAYS_EMBED_SWIFT_STANDARD_LIBRARIES = YES;
				BUNDLE_LOADER = "$(TEST_HOST)";
				CODE_SIGN_STYLE = Automatic;
				INFOPLIST_FILE = CollegeManagementTests/Info.plist;
				IPHONEOS_DEPLOYMENT_TARGET = 13.2;
				LD_RUNPATH_SEARCH_PATHS = (
					"$(inherited)",
					"@executable_path/Frameworks",
					"@loader_path/Frameworks",
				);
				PRODUCT_BUNDLE_IDENTIFIER = minal.com.CollegeManagementTests;
				PRODUCT_NAME = "$(TARGET_NAME)";
				SWIFT_VERSION = 5.0;
				TARGETED_DEVICE_FAMILY = "1,2";
				TEST_HOST = "$(BUILT_PRODUCTS_DIR)/CollegeManagement.app/CollegeManagement";
			};
			name = Release;
		};
		18CA5A7924408A130096EFF3 /* Debug */ = {
			isa = XCBuildConfiguration;
			buildSettings = {
				ALWAYS_EMBED_SWIFT_STANDARD_LIBRARIES = YES;
				CODE_SIGN_STYLE = Automatic;
				INFOPLIST_FILE = CollegeManagementUITests/Info.plist;
				LD_RUNPATH_SEARCH_PATHS = (
					"$(inherited)",
					"@executable_path/Frameworks",
					"@loader_path/Frameworks",
				);
				PRODUCT_BUNDLE_IDENTIFIER = minal.com.CollegeManagementUITests;
				PRODUCT_NAME = "$(TARGET_NAME)";
				SWIFT_VERSION = 5.0;
				TARGETED_DEVICE_FAMILY = "1,2";
				TEST_TARGET_NAME = CollegeManagement;
			};
			name = Debug;
		};
		18CA5A7A24408A130096EFF3 /* Release */ = {
			isa = XCBuildConfiguration;
			buildSettings = {
				ALWAYS_EMBED_SWIFT_STANDARD_LIBRARIES = YES;
				CODE_SIGN_STYLE = Automatic;
				INFOPLIST_FILE = CollegeManagementUITests/Info.plist;
				LD_RUNPATH_SEARCH_PATHS = (
					"$(inherited)",
					"@executable_path/Frameworks",
					"@loader_path/Frameworks",
				);
				PRODUCT_BUNDLE_IDENTIFIER = minal.com.CollegeManagementUITests;
				PRODUCT_NAME = "$(TARGET_NAME)";
				SWIFT_VERSION = 5.0;
				TARGETED_DEVICE_FAMILY = "1,2";
				TEST_TARGET_NAME = CollegeManagement;
			};
			name = Release;
		};
/* End XCBuildConfiguration section */

/* Begin XCConfigurationList section */
		18CA5A4024408A110096EFF3 /* Build configuration list for PBXProject "CollegeManagement" */ = {
			isa = XCConfigurationList;
			buildConfigurations = (
				18CA5A7024408A130096EFF3 /* Debug */,
				18CA5A7124408A130096EFF3 /* Release */,
			);
			defaultConfigurationIsVisible = 0;
			defaultConfigurationName = Release;
		};
		18CA5A7224408A130096EFF3 /* Build configuration list for PBXNativeTarget "CollegeManagement" */ = {
			isa = XCConfigurationList;
			buildConfigurations = (
				18CA5A7324408A130096EFF3 /* Debug */,
				18CA5A7424408A130096EFF3 /* Release */,
			);
			defaultConfigurationIsVisible = 0;
			defaultConfigurationName = Release;
		};
		18CA5A7524408A130096EFF3 /* Build configuration list for PBXNativeTarget "CollegeManagementTests" */ = {
			isa = XCConfigurationList;
			buildConfigurations = (
				18CA5A7624408A130096EFF3 /* Debug */,
				18CA5A7724408A130096EFF3 /* Release */,
			);
			defaultConfigurationIsVisible = 0;
			defaultConfigurationName = Release;
		};
		18CA5A7824408A130096EFF3 /* Build configuration list for PBXNativeTarget "CollegeManagementUITests" */ = {
			isa = XCConfigurationList;
			buildConfigurations = (
				18CA5A7924408A130096EFF3 /* Debug */,
				18CA5A7A24408A130096EFF3 /* Release */,
			);
			defaultConfigurationIsVisible = 0;
			defaultConfigurationName = Release;
		};
/* End XCConfigurationList section */

/* Begin XCVersionGroup section */
		18CA5A5124408A110096EFF3 /* CollegeManagement.xcdatamodeld */ = {
			isa = XCVersionGroup;
			children = (
				18CA5A5224408A110096EFF3 /* CollegeManagement.xcdatamodel */,
			);
			currentVersion = 18CA5A5224408A110096EFF3 /* CollegeManagement.xcdatamodel */;
			path = CollegeManagement.xcdatamodeld;
			sourceTree = "<group>";
			versionGroupType = wrapper.xcdatamodel;
		};
/* End XCVersionGroup section */
	};
	rootObject = 18CA5A3D24408A110096EFF3 /* Project object */;
}
